
Microsoft Visual Studio Solution File, Format Version 12.00
# Visual Studio Version 17
VisualStudioVersion = 17.2.32630.192
MinimumVisualStudioVersion = 10.0.40219.1
Project("{9A19103F-16F7-4668-BE54-9A1E7A4F7556}") = "R5T.F0126", "R5T.F0126\R5T.F0126.csproj", "{63A6BCA6-DB51-47E4-897F-607DF3CA88CF}"
EndProject
Project("{2150E333-8FDC-42A3-9474-1A3956D46DE8}") = "_Dependencies", "_Dependencies", "{F26E715A-38F4-4686-840F-DD426C248CC2}"
EndProject
Project("{9A19103F-16F7-4668-BE54-9A1E7A4F7556}") = "R5T.T0132", "..\..\R5T.T0132\source\R5T.T0132\R5T.T0132.csproj", "{455949D1-5E7F-42AC-8152-E9B3ED430602}"
EndProject
Project("{9A19103F-16F7-4668-BE54-9A1E7A4F7556}") = "R5T.T0143", "..\..\R5T.T0143\source\R5T.T0143\R5T.T0143.csproj", "{321B6DE5-84BA-4554-9A03-4BB6A26749DB}"
EndProject
Project("{9A19103F-16F7-4668-BE54-9A1E7A4F7556}") = "R5T.T0178", "..\..\R5T.T0178\source\R5T.T0178\R5T.T0178.csproj", "{1A4458EA-833D-4184-BBA2-BD8E436B3ADC}"
EndProject
Project("{9A19103F-16F7-4668-BE54-9A1E7A4F7556}") = "R5T.T0179", "..\..\R5T.T0179\source\R5T.T0179\R5T.T0179.csproj", "{EC1C08BB-1AA2-42BC-9C48-75E481EBA5A4}"
EndProject
Project("{9A19103F-16F7-4668-BE54-9A1E7A4F7556}") = "R5T.T0180", "..\..\R5T.T0180\source\R5T.T0180\R5T.T0180.csproj", "{2EAC2CC3-7072-48F8-AE34-2A836644BD21}"
EndProject
Project("{9A19103F-16F7-4668-BE54-9A1E7A4F7556}") = "R5T.T0189", "..\..\R5T.T0189\source\R5T.T0189\R5T.T0189.csproj", "{E0094019-92F1-4B26-9BD1-F76099C29ADF}"
EndProject
Project("{9A19103F-16F7-4668-BE54-9A1E7A4F7556}") = "R5T.T0190", "..\..\R5T.T0190\source\R5T.T0190\R5T.T0190.csproj", "{B06E453F-B553-4647-9794-E4236FFCCFC4}"
EndProject
Project("{9A19103F-16F7-4668-BE54-9A1E7A4F7556}") = "R5T.T0191", "..\..\R5T.T0191\source\R5T.T0191\R5T.T0191.csproj", "{13C90D5B-CD5D-4A89-AFB1-8849D3FF10EF}"
EndProject
Project("{9A19103F-16F7-4668-BE54-9A1E7A4F7556}") = "R5T.T0192", "..\..\R5T.T0192\source\R5T.T0192\R5T.T0192.csproj", "{DB5B8474-7801-44E9-8DAA-5B0D9101D60F}"
EndProject
Project("{9A19103F-16F7-4668-BE54-9A1E7A4F7556}") = "R5T.T0175", "..\..\R5T.T0175\source\R5T.T0175\R5T.T0175.csproj", "{02010DCD-707D-4A21-8BDF-3F741D91FE2F}"
EndProject
Project("{9A19103F-16F7-4668-BE54-9A1E7A4F7556}") = "R5T.F0000", "..\..\R5T.F0000\source\R5T.F0000\R5T.F0000.csproj", "{EF419096-BD14-4EF7-8BE4-BCAAE32BF870}"
EndProject
Project("{9A19103F-16F7-4668-BE54-9A1E7A4F7556}") = "R5T.F0002", "..\..\R5T.F0002\source\R5T.F0002\R5T.F0002.csproj", "{395C72A3-041F-45F4-8242-EE6BBBD9FF26}"
EndProject
Project("{9A19103F-16F7-4668-BE54-9A1E7A4F7556}") = "R5T.T0131", "..\..\R5T.T0131\source\R5T.T0131\R5T.T0131.csproj", "{8E38BB18-C67D-4ABA-92DD-500F75FE65EF}"
EndProject
Project("{9A19103F-16F7-4668-BE54-9A1E7A4F7556}") = "R5T.T0142", "..\..\R5T.T0142\source\R5T.T0142\R5T.T0142.csproj", "{9B8EA5DC-DFAF-49C2-8B80-E0FF77313B52}"
EndProject
Project("{9A19103F-16F7-4668-BE54-9A1E7A4F7556}") = "R5T.T0156", "..\..\R5T.T0156\source\R5T.T0156\R5T.T0156.csproj", "{CA9CF210-1DFF-44E9-9272-38AA5AC29176}"
EndProject
Project("{9A19103F-16F7-4668-BE54-9A1E7A4F7556}") = "R5T.Y0000", "..\..\R5T.Y0000\source\R5T.Y0000\R5T.Y0000.csproj", "{6150A1A7-010F-4C7D-BA33-48C3E2031725}"
EndProject
Project("{9A19103F-16F7-4668-BE54-9A1E7A4F7556}") = "R5T.Z0000", "..\..\R5T.Z0000\source\R5T.Z0000\R5T.Z0000.csproj", "{B35E9219-2B1A-492A-B9F3-8A4589393C38}"
EndProject
Global
	GlobalSection(NestedProjects) = preSolution
		{455949D1-5E7F-42AC-8152-E9B3ED430602} = {F26E715A-38F4-4686-840F-DD426C248CC2}
		{321B6DE5-84BA-4554-9A03-4BB6A26749DB} = {F26E715A-38F4-4686-840F-DD426C248CC2}
		{1A4458EA-833D-4184-BBA2-BD8E436B3ADC} = {F26E715A-38F4-4686-840F-DD426C248CC2}
		{EC1C08BB-1AA2-42BC-9C48-75E481EBA5A4} = {F26E715A-38F4-4686-840F-DD426C248CC2}
		{2EAC2CC3-7072-48F8-AE34-2A836644BD21} = {F26E715A-38F4-4686-840F-DD426C248CC2}
		{E0094019-92F1-4B26-9BD1-F76099C29ADF} = {F26E715A-38F4-4686-840F-DD426C248CC2}
		{B06E453F-B553-4647-9794-E4236FFCCFC4} = {F26E715A-38F4-4686-840F-DD426C248CC2}
		{13C90D5B-CD5D-4A89-AFB1-8849D3FF10EF} = {F26E715A-38F4-4686-840F-DD426C248CC2}
		{DB5B8474-7801-44E9-8DAA-5B0D9101D60F} = {F26E715A-38F4-4686-840F-DD426C248CC2}
		{02010DCD-707D-4A21-8BDF-3F741D91FE2F} = {F26E715A-38F4-4686-840F-DD426C248CC2}
		{EF419096-BD14-4EF7-8BE4-BCAAE32BF870} = {F26E715A-38F4-4686-840F-DD426C248CC2}
		{395C72A3-041F-45F4-8242-EE6BBBD9FF26} = {F26E715A-38F4-4686-840F-DD426C248CC2}
		{8E38BB18-C67D-4ABA-92DD-500F75FE65EF} = {F26E715A-38F4-4686-840F-DD426C248CC2}
		{9B8EA5DC-DFAF-49C2-8B80-E0FF77313B52} = {F26E715A-38F4-4686-840F-DD426C248CC2}
		{CA9CF210-1DFF-44E9-9272-38AA5AC29176} = {F26E715A-38F4-4686-840F-DD426C248CC2}
		{6150A1A7-010F-4C7D-BA33-48C3E2031725} = {F26E715A-38F4-4686-840F-DD426C248CC2}
		{B35E9219-2B1A-492A-B9F3-8A4589393C38} = {F26E715A-38F4-4686-840F-DD426C248CC2}
	EndGlobalSection
	GlobalSection(SolutionConfigurationPlatforms) = preSolution
		Debug|Any CPU = Debug|Any CPU
		Release|Any CPU = Release|Any CPU
	EndGlobalSection
	GlobalSection(ProjectConfigurationPlatforms) = postSolution
		{63A6BCA6-DB51-47E4-897F-607DF3CA88CF}.Debug|Any CPU.ActiveCfg = Debug|Any CPU
		{63A6BCA6-DB51-47E4-897F-607DF3CA88CF}.Debug|Any CPU.Build.0 = Debug|Any CPU
		{63A6BCA6-DB51-47E4-897F-607DF3CA88CF}.Release|Any CPU.ActiveCfg = Release|Any CPU
		{63A6BCA6-DB51-47E4-897F-607DF3CA88CF}.Release|Any CPU.Build.0 = Release|Any CPU
		{455949D1-5E7F-42AC-8152-E9B3ED430602}.Debug|Any CPU.ActiveCfg = Debug|Any CPU
		{455949D1-5E7F-42AC-8152-E9B3ED430602}.Debug|Any CPU.Build.0 = Debug|Any CPU
		{455949D1-5E7F-42AC-8152-E9B3ED430602}.Release|Any CPU.ActiveCfg = Release|Any CPU
		{455949D1-5E7F-42AC-8152-E9B3ED430602}.Release|Any CPU.Build.0 = Release|Any CPU
		{321B6DE5-84BA-4554-9A03-4BB6A26749DB}.Debug|Any CPU.ActiveCfg = Debug|Any CPU
		{321B6DE5-84BA-4554-9A03-4BB6A26749DB}.Debug|Any CPU.Build.0 = Debug|Any CPU
		{321B6DE5-84BA-4554-9A03-4BB6A26749DB}.Release|Any CPU.ActiveCfg = Release|Any CPU
		{321B6DE5-84BA-4554-9A03-4BB6A26749DB}.Release|Any CPU.Build.0 = Release|Any CPU
		{1A4458EA-833D-4184-BBA2-BD8E436B3ADC}.Debug|Any CPU.ActiveCfg = Debug|Any CPU
		{1A4458EA-833D-4184-BBA2-BD8E436B3ADC}.Debug|Any CPU.Build.0 = Debug|Any CPU
		{1A4458EA-833D-4184-BBA2-BD8E436B3ADC}.Release|Any CPU.ActiveCfg = Release|Any CPU
		{1A4458EA-833D-4184-BBA2-BD8E436B3ADC}.Release|Any CPU.Build.0 = Release|Any CPU
		{EC1C08BB-1AA2-42BC-9C48-75E481EBA5A4}.Debug|Any CPU.ActiveCfg = Debug|Any CPU
		{EC1C08BB-1AA2-42BC-9C48-75E481EBA5A4}.Debug|Any CPU.Build.0 = Debug|Any CPU
		{EC1C08BB-1AA2-42BC-9C48-75E481EBA5A4}.Release|Any CPU.ActiveCfg = Release|Any CPU
		{EC1C08BB-1AA2-42BC-9C48-75E481EBA5A4}.Release|Any CPU.Build.0 = Release|Any CPU
		{2EAC2CC3-7072-48F8-AE34-2A836644BD21}.Debug|Any CPU.ActiveCfg = Debug|Any CPU
		{2EAC2CC3-7072-48F8-AE34-2A836644BD21}.Debug|Any CPU.Build.0 = Debug|Any CPU
		{2EAC2CC3-7072-48F8-AE34-2A836644BD21}.Release|Any CPU.ActiveCfg = Release|Any CPU
		{2EAC2CC3-7072-48F8-AE34-2A836644BD21}.Release|Any CPU.Build.0 = Release|Any CPU
		{E0094019-92F1-4B26-9BD1-F76099C29ADF}.Debug|Any CPU.ActiveCfg = Debug|Any CPU
		{E0094019-92F1-4B26-9BD1-F76099C29ADF}.Debug|Any CPU.Build.0 = Debug|Any CPU
		{E0094019-92F1-4B26-9BD1-F76099C29ADF}.Release|Any CPU.ActiveCfg = Release|Any CPU
		{E0094019-92F1-4B26-9BD1-F76099C29ADF}.Release|Any CPU.Build.0 = Release|Any CPU
		{B06E453F-B553-4647-9794-E4236FFCCFC4}.Debug|Any CPU.ActiveCfg = Debug|Any CPU
		{B06E453F-B553-4647-9794-E4236FFCCFC4}.Debug|Any CPU.Build.0 = Debug|Any CPU
		{B06E453F-B553-4647-9794-E4236FFCCFC4}.Release|Any CPU.ActiveCfg = Release|Any CPU
		{B06E453F-B553-4647-9794-E4236FFCCFC4}.Release|Any CPU.Build.0 = Release|Any CPU
		{13C90D5B-CD5D-4A89-AFB1-8849D3FF10EF}.Debug|Any CPU.ActiveCfg = Debug|Any CPU
		{13C90D5B-CD5D-4A89-AFB1-8849D3FF10EF}.Debug|Any CPU.Build.0 = Debug|Any CPU
		{13C90D5B-CD5D-4A89-AFB1-8849D3FF10EF}.Release|Any CPU.ActiveCfg = Release|Any CPU
		{13C90D5B-CD5D-4A89-AFB1-8849D3FF10EF}.Release|Any CPU.Build.0 = Release|Any CPU
		{DB5B8474-7801-44E9-8DAA-5B0D9101D60F}.Debug|Any CPU.ActiveCfg = Debug|Any CPU
		{DB5B8474-7801-44E9-8DAA-5B0D9101D60F}.Debug|Any CPU.Build.0 = Debug|Any CPU
		{DB5B8474-7801-44E9-8DAA-5B0D9101D60F}.Release|Any CPU.ActiveCfg = Release|Any CPU
		{DB5B8474-7801-44E9-8DAA-5B0D9101D60F}.Release|Any CPU.Build.0 = Release|Any CPU
		{02010DCD-707D-4A21-8BDF-3F741D91FE2F}.Debug|Any CPU.ActiveCfg = Debug|Any CPU
		{02010DCD-707D-4A21-8BDF-3F741D91FE2F}.Debug|Any CPU.Build.0 = Debug|Any CPU
		{02010DCD-707D-4A21-8BDF-3F741D91FE2F}.Release|Any CPU.ActiveCfg = Release|Any CPU
		{02010DCD-707D-4A21-8BDF-3F741D91FE2F}.Release|Any CPU.Build.0 = Release|Any CPU
		{EF419096-BD14-4EF7-8BE4-BCAAE32BF870}.Debug|Any CPU.ActiveCfg = Debug|Any CPU
		{EF419096-BD14-4EF7-8BE4-BCAAE32BF870}.Debug|Any CPU.Build.0 = Debug|Any CPU
		{EF419096-BD14-4EF7-8BE4-BCAAE32BF870}.Release|Any CPU.ActiveCfg = Release|Any CPU
		{EF419096-BD14-4EF7-8BE4-BCAAE32BF870}.Release|Any CPU.Build.0 = Release|Any CPU
		{395C72A3-041F-45F4-8242-EE6BBBD9FF26}.Debug|Any CPU.ActiveCfg = Debug|Any CPU
		{395C72A3-041F-45F4-8242-EE6BBBD9FF26}.Debug|Any CPU.Build.0 = Debug|Any CPU
		{395C72A3-041F-45F4-8242-EE6BBBD9FF26}.Release|Any CPU.ActiveCfg = Release|Any CPU
		{395C72A3-041F-45F4-8242-EE6BBBD9FF26}.Release|Any CPU.Build.0 = Release|Any CPU
		{8E38BB18-C67D-4ABA-92DD-500F75FE65EF}.Debug|Any CPU.ActiveCfg = Debug|Any CPU
		{8E38BB18-C67D-4ABA-92DD-500F75FE65EF}.Debug|Any CPU.Build.0 = Debug|Any CPU
		{8E38BB18-C67D-4ABA-92DD-500F75FE65EF}.Release|Any CPU.ActiveCfg = Release|Any CPU
		{8E38BB18-C67D-4ABA-92DD-500F75FE65EF}.Release|Any CPU.Build.0 = Release|Any CPU
		{9B8EA5DC-DFAF-49C2-8B80-E0FF77313B52}.Debug|Any CPU.ActiveCfg = Debug|Any CPU
		{9B8EA5DC-DFAF-49C2-8B80-E0FF77313B52}.Debug|Any CPU.Build.0 = Debug|Any CPU
		{9B8EA5DC-DFAF-49C2-8B80-E0FF77313B52}.Release|Any CPU.ActiveCfg = Release|Any CPU
		{9B8EA5DC-DFAF-49C2-8B80-E0FF77313B52}.Release|Any CPU.Build.0 = Release|Any CPU
		{CA9CF210-1DFF-44E9-9272-38AA5AC29176}.Debug|Any CPU.ActiveCfg = Debug|Any CPU
		{CA9CF210-1DFF-44E9-9272-38AA5AC29176}.Debug|Any CPU.Build.0 = Debug|Any CPU
		{CA9CF210-1DFF-44E9-9272-38AA5AC29176}.Release|Any CPU.ActiveCfg = Release|Any CPU
		{CA9CF210-1DFF-44E9-9272-38AA5AC29176}.Release|Any CPU.Build.0 = Release|Any CPU
		{6150A1A7-010F-4C7D-BA33-48C3E2031725}.Debug|Any CPU.ActiveCfg = Debug|Any CPU
		{6150A1A7-010F-4C7D-BA33-48C3E2031725}.Debug|Any CPU.Build.0 = Debug|Any CPU
		{6150A1A7-010F-4C7D-BA33-48C3E2031725}.Release|Any CPU.ActiveCfg = Release|Any CPU
		{6150A1A7-010F-4C7D-BA33-48C3E2031725}.Release|Any CPU.Build.0 = Release|Any CPU
		{B35E9219-2B1A-492A-B9F3-8A4589393C38}.Debug|Any CPU.ActiveCfg = Debug|Any CPU
		{B35E9219-2B1A-492A-B9F3-8A4589393C38}.Debug|Any CPU.Build.0 = Debug|Any CPU
		{B35E9219-2B1A-492A-B9F3-8A4589393C38}.Release|Any CPU.ActiveCfg = Release|Any CPU
		{B35E9219-2B1A-492A-B9F3-8A4589393C38}.Release|Any CPU.Build.0 = Release|Any CPU
	EndGlobalSection
	GlobalSection(SolutionProperties) = preSolution
		HideSolutionNode = FALSE
	EndGlobalSection
	GlobalSection(ExtensibilityGlobals) = postSolution
		SolutionGuid = {07B51744-0521-4BF8-99D8-452535516D7B}
	EndGlobalSection
EndGlobal
