
Microsoft Visual Studio Solution File, Format Version 12.00
# Visual Studio Version 17
VisualStudioVersion = 17.2.32630.192
MinimumVisualStudioVersion = 10.0.40219.1
Project("{9A19103F-16F7-4668-BE54-9A1E7A4F7556}") = "R5T.F0126.Construction", "R5T.F0126.Construction\R5T.F0126.Construction.csproj", "{CCF78EF3-9887-4CB5-B98E-6DD1E8B13D1B}"
EndProject
Project("{9A19103F-16F7-4668-BE54-9A1E7A4F7556}") = "R5T.F0126", "R5T.F0126\R5T.F0126.csproj", "{7AC24B1A-1A64-4561-A033-6634B09791DE}"
EndProject
Project("{2150E333-8FDC-42A3-9474-1A3956D46DE8}") = "_Dependencies", "_Dependencies", "{43BCDAA7-96E3-4896-88AE-1DB7E32F8A6F}"
EndProject
Project("{9A19103F-16F7-4668-BE54-9A1E7A4F7556}") = "R5T.T0132", "..\..\R5T.T0132\source\R5T.T0132\R5T.T0132.csproj", "{1F44E494-05A4-4F1C-B51F-B3D4DD27AF6E}"
EndProject
Project("{9A19103F-16F7-4668-BE54-9A1E7A4F7556}") = "R5T.T0143", "..\..\R5T.T0143\source\R5T.T0143\R5T.T0143.csproj", "{867F09C6-B591-4F1B-8768-312C6B2CE5CA}"
EndProject
Project("{9A19103F-16F7-4668-BE54-9A1E7A4F7556}") = "R5T.T0178", "..\..\R5T.T0178\source\R5T.T0178\R5T.T0178.csproj", "{E5FBE0FB-FD83-4D85-9863-7FF58A55A8E3}"
EndProject
Project("{9A19103F-16F7-4668-BE54-9A1E7A4F7556}") = "R5T.T0179", "..\..\R5T.T0179\source\R5T.T0179\R5T.T0179.csproj", "{CF0378C9-A9B4-422E-9D86-34F885042D7E}"
EndProject
Project("{9A19103F-16F7-4668-BE54-9A1E7A4F7556}") = "R5T.T0180", "..\..\R5T.T0180\source\R5T.T0180\R5T.T0180.csproj", "{1EC7D740-3153-452C-A5F7-C391F55EB556}"
EndProject
Project("{9A19103F-16F7-4668-BE54-9A1E7A4F7556}") = "R5T.T0189", "..\..\R5T.T0189\source\R5T.T0189\R5T.T0189.csproj", "{51B0D6C0-6BE1-4BC1-BACB-0BABB92F1490}"
EndProject
Project("{9A19103F-16F7-4668-BE54-9A1E7A4F7556}") = "R5T.T0190", "..\..\R5T.T0190\source\R5T.T0190\R5T.T0190.csproj", "{040650B3-5A68-4094-910D-CDEC9C9F7315}"
EndProject
Project("{9A19103F-16F7-4668-BE54-9A1E7A4F7556}") = "R5T.T0191", "..\..\R5T.T0191\source\R5T.T0191\R5T.T0191.csproj", "{E098AF27-F7A8-49D5-A330-3CCEEA9AF92B}"
EndProject
Project("{9A19103F-16F7-4668-BE54-9A1E7A4F7556}") = "R5T.T0192", "..\..\R5T.T0192\source\R5T.T0192\R5T.T0192.csproj", "{6BB62F3B-C777-4D17-8D80-05411C29DB56}"
EndProject
Project("{9A19103F-16F7-4668-BE54-9A1E7A4F7556}") = "R5T.T0175", "..\..\R5T.T0175\source\R5T.T0175\R5T.T0175.csproj", "{0590AD52-23A4-45CD-85D9-F00BA822BE42}"
EndProject
Project("{9A19103F-16F7-4668-BE54-9A1E7A4F7556}") = "R5T.F0000", "..\..\R5T.F0000\source\R5T.F0000\R5T.F0000.csproj", "{0AAE8083-67B7-4ADC-94F1-F6737B12C015}"
EndProject
Project("{9A19103F-16F7-4668-BE54-9A1E7A4F7556}") = "R5T.F0002", "..\..\R5T.F0002\source\R5T.F0002\R5T.F0002.csproj", "{5E4E656B-2AEE-4ED1-9299-40406ED6B922}"
EndProject
Project("{9A19103F-16F7-4668-BE54-9A1E7A4F7556}") = "R5T.T0131", "..\..\R5T.T0131\source\R5T.T0131\R5T.T0131.csproj", "{22A0DD3D-597D-4079-B396-2CA8E52B7932}"
EndProject
Project("{9A19103F-16F7-4668-BE54-9A1E7A4F7556}") = "R5T.T0142", "..\..\R5T.T0142\source\R5T.T0142\R5T.T0142.csproj", "{636FA3A0-F473-484F-B5EF-659CE3183D19}"
EndProject
Project("{9A19103F-16F7-4668-BE54-9A1E7A4F7556}") = "R5T.T0156", "..\..\R5T.T0156\source\R5T.T0156\R5T.T0156.csproj", "{140EC777-23DC-4EC6-A239-B217AA74D234}"
EndProject
Project("{9A19103F-16F7-4668-BE54-9A1E7A4F7556}") = "R5T.Y0000", "..\..\R5T.Y0000\source\R5T.Y0000\R5T.Y0000.csproj", "{2C7B2B86-B53F-4C96-A56D-AAD22243F78E}"
EndProject
Project("{9A19103F-16F7-4668-BE54-9A1E7A4F7556}") = "R5T.Z0000", "..\..\R5T.Z0000\source\R5T.Z0000\R5T.Z0000.csproj", "{26607993-A5DA-4667-B4E9-874CF0313266}"
EndProject
Global
	GlobalSection(NestedProjects) = preSolution
		{1F44E494-05A4-4F1C-B51F-B3D4DD27AF6E} = {43BCDAA7-96E3-4896-88AE-1DB7E32F8A6F}
		{867F09C6-B591-4F1B-8768-312C6B2CE5CA} = {43BCDAA7-96E3-4896-88AE-1DB7E32F8A6F}
		{E5FBE0FB-FD83-4D85-9863-7FF58A55A8E3} = {43BCDAA7-96E3-4896-88AE-1DB7E32F8A6F}
		{CF0378C9-A9B4-422E-9D86-34F885042D7E} = {43BCDAA7-96E3-4896-88AE-1DB7E32F8A6F}
		{1EC7D740-3153-452C-A5F7-C391F55EB556} = {43BCDAA7-96E3-4896-88AE-1DB7E32F8A6F}
		{51B0D6C0-6BE1-4BC1-BACB-0BABB92F1490} = {43BCDAA7-96E3-4896-88AE-1DB7E32F8A6F}
		{040650B3-5A68-4094-910D-CDEC9C9F7315} = {43BCDAA7-96E3-4896-88AE-1DB7E32F8A6F}
		{E098AF27-F7A8-49D5-A330-3CCEEA9AF92B} = {43BCDAA7-96E3-4896-88AE-1DB7E32F8A6F}
		{6BB62F3B-C777-4D17-8D80-05411C29DB56} = {43BCDAA7-96E3-4896-88AE-1DB7E32F8A6F}
		{0590AD52-23A4-45CD-85D9-F00BA822BE42} = {43BCDAA7-96E3-4896-88AE-1DB7E32F8A6F}
		{0AAE8083-67B7-4ADC-94F1-F6737B12C015} = {43BCDAA7-96E3-4896-88AE-1DB7E32F8A6F}
		{5E4E656B-2AEE-4ED1-9299-40406ED6B922} = {43BCDAA7-96E3-4896-88AE-1DB7E32F8A6F}
		{22A0DD3D-597D-4079-B396-2CA8E52B7932} = {43BCDAA7-96E3-4896-88AE-1DB7E32F8A6F}
		{636FA3A0-F473-484F-B5EF-659CE3183D19} = {43BCDAA7-96E3-4896-88AE-1DB7E32F8A6F}
		{140EC777-23DC-4EC6-A239-B217AA74D234} = {43BCDAA7-96E3-4896-88AE-1DB7E32F8A6F}
		{2C7B2B86-B53F-4C96-A56D-AAD22243F78E} = {43BCDAA7-96E3-4896-88AE-1DB7E32F8A6F}
		{26607993-A5DA-4667-B4E9-874CF0313266} = {43BCDAA7-96E3-4896-88AE-1DB7E32F8A6F}
	EndGlobalSection
	GlobalSection(SolutionConfigurationPlatforms) = preSolution
		Debug|Any CPU = Debug|Any CPU
		Release|Any CPU = Release|Any CPU
	EndGlobalSection
	GlobalSection(ProjectConfigurationPlatforms) = postSolution
		{CCF78EF3-9887-4CB5-B98E-6DD1E8B13D1B}.Debug|Any CPU.ActiveCfg = Debug|Any CPU
		{CCF78EF3-9887-4CB5-B98E-6DD1E8B13D1B}.Debug|Any CPU.Build.0 = Debug|Any CPU
		{CCF78EF3-9887-4CB5-B98E-6DD1E8B13D1B}.Release|Any CPU.ActiveCfg = Release|Any CPU
		{CCF78EF3-9887-4CB5-B98E-6DD1E8B13D1B}.Release|Any CPU.Build.0 = Release|Any CPU
		{7AC24B1A-1A64-4561-A033-6634B09791DE}.Debug|Any CPU.ActiveCfg = Debug|Any CPU
		{7AC24B1A-1A64-4561-A033-6634B09791DE}.Debug|Any CPU.Build.0 = Debug|Any CPU
		{7AC24B1A-1A64-4561-A033-6634B09791DE}.Release|Any CPU.ActiveCfg = Release|Any CPU
		{7AC24B1A-1A64-4561-A033-6634B09791DE}.Release|Any CPU.Build.0 = Release|Any CPU
		{1F44E494-05A4-4F1C-B51F-B3D4DD27AF6E}.Debug|Any CPU.ActiveCfg = Debug|Any CPU
		{1F44E494-05A4-4F1C-B51F-B3D4DD27AF6E}.Debug|Any CPU.Build.0 = Debug|Any CPU
		{1F44E494-05A4-4F1C-B51F-B3D4DD27AF6E}.Release|Any CPU.ActiveCfg = Release|Any CPU
		{1F44E494-05A4-4F1C-B51F-B3D4DD27AF6E}.Release|Any CPU.Build.0 = Release|Any CPU
		{867F09C6-B591-4F1B-8768-312C6B2CE5CA}.Debug|Any CPU.ActiveCfg = Debug|Any CPU
		{867F09C6-B591-4F1B-8768-312C6B2CE5CA}.Debug|Any CPU.Build.0 = Debug|Any CPU
		{867F09C6-B591-4F1B-8768-312C6B2CE5CA}.Release|Any CPU.ActiveCfg = Release|Any CPU
		{867F09C6-B591-4F1B-8768-312C6B2CE5CA}.Release|Any CPU.Build.0 = Release|Any CPU
		{E5FBE0FB-FD83-4D85-9863-7FF58A55A8E3}.Debug|Any CPU.ActiveCfg = Debug|Any CPU
		{E5FBE0FB-FD83-4D85-9863-7FF58A55A8E3}.Debug|Any CPU.Build.0 = Debug|Any CPU
		{E5FBE0FB-FD83-4D85-9863-7FF58A55A8E3}.Release|Any CPU.ActiveCfg = Release|Any CPU
		{E5FBE0FB-FD83-4D85-9863-7FF58A55A8E3}.Release|Any CPU.Build.0 = Release|Any CPU
		{CF0378C9-A9B4-422E-9D86-34F885042D7E}.Debug|Any CPU.ActiveCfg = Debug|Any CPU
		{CF0378C9-A9B4-422E-9D86-34F885042D7E}.Debug|Any CPU.Build.0 = Debug|Any CPU
		{CF0378C9-A9B4-422E-9D86-34F885042D7E}.Release|Any CPU.ActiveCfg = Release|Any CPU
		{CF0378C9-A9B4-422E-9D86-34F885042D7E}.Release|Any CPU.Build.0 = Release|Any CPU
		{1EC7D740-3153-452C-A5F7-C391F55EB556}.Debug|Any CPU.ActiveCfg = Debug|Any CPU
		{1EC7D740-3153-452C-A5F7-C391F55EB556}.Debug|Any CPU.Build.0 = Debug|Any CPU
		{1EC7D740-3153-452C-A5F7-C391F55EB556}.Release|Any CPU.ActiveCfg = Release|Any CPU
		{1EC7D740-3153-452C-A5F7-C391F55EB556}.Release|Any CPU.Build.0 = Release|Any CPU
		{51B0D6C0-6BE1-4BC1-BACB-0BABB92F1490}.Debug|Any CPU.ActiveCfg = Debug|Any CPU
		{51B0D6C0-6BE1-4BC1-BACB-0BABB92F1490}.Debug|Any CPU.Build.0 = Debug|Any CPU
		{51B0D6C0-6BE1-4BC1-BACB-0BABB92F1490}.Release|Any CPU.ActiveCfg = Release|Any CPU
		{51B0D6C0-6BE1-4BC1-BACB-0BABB92F1490}.Release|Any CPU.Build.0 = Release|Any CPU
		{040650B3-5A68-4094-910D-CDEC9C9F7315}.Debug|Any CPU.ActiveCfg = Debug|Any CPU
		{040650B3-5A68-4094-910D-CDEC9C9F7315}.Debug|Any CPU.Build.0 = Debug|Any CPU
		{040650B3-5A68-4094-910D-CDEC9C9F7315}.Release|Any CPU.ActiveCfg = Release|Any CPU
		{040650B3-5A68-4094-910D-CDEC9C9F7315}.Release|Any CPU.Build.0 = Release|Any CPU
		{E098AF27-F7A8-49D5-A330-3CCEEA9AF92B}.Debug|Any CPU.ActiveCfg = Debug|Any CPU
		{E098AF27-F7A8-49D5-A330-3CCEEA9AF92B}.Debug|Any CPU.Build.0 = Debug|Any CPU
		{E098AF27-F7A8-49D5-A330-3CCEEA9AF92B}.Release|Any CPU.ActiveCfg = Release|Any CPU
		{E098AF27-F7A8-49D5-A330-3CCEEA9AF92B}.Release|Any CPU.Build.0 = Release|Any CPU
		{6BB62F3B-C777-4D17-8D80-05411C29DB56}.Debug|Any CPU.ActiveCfg = Debug|Any CPU
		{6BB62F3B-C777-4D17-8D80-05411C29DB56}.Debug|Any CPU.Build.0 = Debug|Any CPU
		{6BB62F3B-C777-4D17-8D80-05411C29DB56}.Release|Any CPU.ActiveCfg = Release|Any CPU
		{6BB62F3B-C777-4D17-8D80-05411C29DB56}.Release|Any CPU.Build.0 = Release|Any CPU
		{0590AD52-23A4-45CD-85D9-F00BA822BE42}.Debug|Any CPU.ActiveCfg = Debug|Any CPU
		{0590AD52-23A4-45CD-85D9-F00BA822BE42}.Debug|Any CPU.Build.0 = Debug|Any CPU
		{0590AD52-23A4-45CD-85D9-F00BA822BE42}.Release|Any CPU.ActiveCfg = Release|Any CPU
		{0590AD52-23A4-45CD-85D9-F00BA822BE42}.Release|Any CPU.Build.0 = Release|Any CPU
		{0AAE8083-67B7-4ADC-94F1-F6737B12C015}.Debug|Any CPU.ActiveCfg = Debug|Any CPU
		{0AAE8083-67B7-4ADC-94F1-F6737B12C015}.Debug|Any CPU.Build.0 = Debug|Any CPU
		{0AAE8083-67B7-4ADC-94F1-F6737B12C015}.Release|Any CPU.ActiveCfg = Release|Any CPU
		{0AAE8083-67B7-4ADC-94F1-F6737B12C015}.Release|Any CPU.Build.0 = Release|Any CPU
		{5E4E656B-2AEE-4ED1-9299-40406ED6B922}.Debug|Any CPU.ActiveCfg = Debug|Any CPU
		{5E4E656B-2AEE-4ED1-9299-40406ED6B922}.Debug|Any CPU.Build.0 = Debug|Any CPU
		{5E4E656B-2AEE-4ED1-9299-40406ED6B922}.Release|Any CPU.ActiveCfg = Release|Any CPU
		{5E4E656B-2AEE-4ED1-9299-40406ED6B922}.Release|Any CPU.Build.0 = Release|Any CPU
		{22A0DD3D-597D-4079-B396-2CA8E52B7932}.Debug|Any CPU.ActiveCfg = Debug|Any CPU
		{22A0DD3D-597D-4079-B396-2CA8E52B7932}.Debug|Any CPU.Build.0 = Debug|Any CPU
		{22A0DD3D-597D-4079-B396-2CA8E52B7932}.Release|Any CPU.ActiveCfg = Release|Any CPU
		{22A0DD3D-597D-4079-B396-2CA8E52B7932}.Release|Any CPU.Build.0 = Release|Any CPU
		{636FA3A0-F473-484F-B5EF-659CE3183D19}.Debug|Any CPU.ActiveCfg = Debug|Any CPU
		{636FA3A0-F473-484F-B5EF-659CE3183D19}.Debug|Any CPU.Build.0 = Debug|Any CPU
		{636FA3A0-F473-484F-B5EF-659CE3183D19}.Release|Any CPU.ActiveCfg = Release|Any CPU
		{636FA3A0-F473-484F-B5EF-659CE3183D19}.Release|Any CPU.Build.0 = Release|Any CPU
		{140EC777-23DC-4EC6-A239-B217AA74D234}.Debug|Any CPU.ActiveCfg = Debug|Any CPU
		{140EC777-23DC-4EC6-A239-B217AA74D234}.Debug|Any CPU.Build.0 = Debug|Any CPU
		{140EC777-23DC-4EC6-A239-B217AA74D234}.Release|Any CPU.ActiveCfg = Release|Any CPU
		{140EC777-23DC-4EC6-A239-B217AA74D234}.Release|Any CPU.Build.0 = Release|Any CPU
		{2C7B2B86-B53F-4C96-A56D-AAD22243F78E}.Debug|Any CPU.ActiveCfg = Debug|Any CPU
		{2C7B2B86-B53F-4C96-A56D-AAD22243F78E}.Debug|Any CPU.Build.0 = Debug|Any CPU
		{2C7B2B86-B53F-4C96-A56D-AAD22243F78E}.Release|Any CPU.ActiveCfg = Release|Any CPU
		{2C7B2B86-B53F-4C96-A56D-AAD22243F78E}.Release|Any CPU.Build.0 = Release|Any CPU
		{26607993-A5DA-4667-B4E9-874CF0313266}.Debug|Any CPU.ActiveCfg = Debug|Any CPU
		{26607993-A5DA-4667-B4E9-874CF0313266}.Debug|Any CPU.Build.0 = Debug|Any CPU
		{26607993-A5DA-4667-B4E9-874CF0313266}.Release|Any CPU.ActiveCfg = Release|Any CPU
		{26607993-A5DA-4667-B4E9-874CF0313266}.Release|Any CPU.Build.0 = Release|Any CPU
	EndGlobalSection
	GlobalSection(SolutionProperties) = preSolution
		HideSolutionNode = FALSE
	EndGlobalSection
	GlobalSection(ExtensibilityGlobals) = postSolution
		SolutionGuid = {0BB3A208-FF8D-4892-B644-0A45757F4AA8}
	EndGlobalSection
EndGlobal
